
Microsoft Visual Studio Solution File, Format Version 11.00
# Visual Studio 2010
Project("{FAE04EC0-301F-11D3-BF4B-00C04F79EFBC}") = "Catmageddon", "Assembly-CSharp-firstpass.csproj", "{EC808EA8-D02F-721E-C74E-A9274E6278B3}"
EndProject
Project("{FAE04EC0-301F-11D3-BF4B-00C04F79EFBC}") = "Catmageddon", "Assembly-CSharp.csproj", "{A521B0A8-2F23-6B71-DA2D-696C679EE38A}"
EndProject
Project("{FAE04EC0-301F-11D3-BF4B-00C04F79EFBC}") = "Catmageddon", "Assembly-CSharp-Editor-firstpass.csproj", "{9FF2C5D4-435B-04E7-63BB-AD6F1F2A6457}"
EndProject
Project("{FAE04EC0-301F-11D3-BF4B-00C04F79EFBC}") = "Catmageddon", "Assembly-CSharp-Editor.csproj", "{080C85FB-83EF-03B5-7A71-A16C35ED0078}"
EndProject
Global
	GlobalSection(SolutionConfigurationPlatforms) = preSolution
		Debug|Any CPU = Debug|Any CPU
		Release|Any CPU = Release|Any CPU
	EndGlobalSection
	GlobalSection(ProjectConfigurationPlatforms) = postSolution
		{EC808EA8-D02F-721E-C74E-A9274E6278B3}.Debug|Any CPU.ActiveCfg = Debug|Any CPU
		{EC808EA8-D02F-721E-C74E-A9274E6278B3}.Debug|Any CPU.Build.0 = Debug|Any CPU
		{EC808EA8-D02F-721E-C74E-A9274E6278B3}.Release|Any CPU.ActiveCfg = Release|Any CPU
		{EC808EA8-D02F-721E-C74E-A9274E6278B3}.Release|Any CPU.Build.0 = Release|Any CPU
		{A521B0A8-2F23-6B71-DA2D-696C679EE38A}.Debug|Any CPU.ActiveCfg = Debug|Any CPU
		{A521B0A8-2F23-6B71-DA2D-696C679EE38A}.Debug|Any CPU.Build.0 = Debug|Any CPU
		{A521B0A8-2F23-6B71-DA2D-696C679EE38A}.Release|Any CPU.ActiveCfg = Release|Any CPU
		{A521B0A8-2F23-6B71-DA2D-696C679EE38A}.Release|Any CPU.Build.0 = Release|Any CPU
		{9FF2C5D4-435B-04E7-63BB-AD6F1F2A6457}.Debug|Any CPU.ActiveCfg = Debug|Any CPU
		{9FF2C5D4-435B-04E7-63BB-AD6F1F2A6457}.Debug|Any CPU.Build.0 = Debug|Any CPU
		{9FF2C5D4-435B-04E7-63BB-AD6F1F2A6457}.Release|Any CPU.ActiveCfg = Release|Any CPU
		{9FF2C5D4-435B-04E7-63BB-AD6F1F2A6457}.Release|Any CPU.Build.0 = Release|Any CPU
		{080C85FB-83EF-03B5-7A71-A16C35ED0078}.Debug|Any CPU.ActiveCfg = Debug|Any CPU
		{080C85FB-83EF-03B5-7A71-A16C35ED0078}.Debug|Any CPU.Build.0 = Debug|Any CPU
		{080C85FB-83EF-03B5-7A71-A16C35ED0078}.Release|Any CPU.ActiveCfg = Release|Any CPU
		{080C85FB-83EF-03B5-7A71-A16C35ED0078}.Release|Any CPU.Build.0 = Release|Any CPU
	EndGlobalSection
	GlobalSection(SolutionProperties) = preSolution
		HideSolutionNode = FALSE
	EndGlobalSection
	GlobalSection(MonoDevelopProperties) = preSolution
		StartupItem = Assembly-CSharp.csproj
	EndGlobalSection
EndGlobal
